
Microsoft Visual Studio Solution File, Format Version 12.00
# Visual Studio Version 17
VisualStudioVersion = 17.11.35312.102
MinimumVisualStudioVersion = 10.0.40219.1
Project("{2150E333-8FDC-42A3-9474-1A3956D46DE8}") = "Task0", "Task0", "{549ED9A1-A421-478D-847B-15CEBAE8DD4A}"
EndProject
Project("{2150E333-8FDC-42A3-9474-1A3956D46DE8}") = "Task1", "Task1", "{A83FC3F5-A526-4B9D-96C6-82909433F387}"
EndProject
Project("{2150E333-8FDC-42A3-9474-1A3956D46DE8}") = "Task2", "Task2", "{37F273CF-D19B-4A15-8E18-DBB4CBC8D7FA}"
EndProject
Project("{2150E333-8FDC-42A3-9474-1A3956D46DE8}") = "Task3", "Task3", "{8309F195-095E-46D4-A696-42DAAC52E0BD}"
EndProject
Project("{2150E333-8FDC-42A3-9474-1A3956D46DE8}") = "Task4", "Task4", "{62FED6E9-BDD4-4319-9406-CA535986E401}"
EndProject
Project("{2150E333-8FDC-42A3-9474-1A3956D46DE8}") = "Task5", "Task5", "{4AB413C1-F8D3-4144-BAC5-87EDA28920F7}"
EndProject
Project("{2150E333-8FDC-42A3-9474-1A3956D46DE8}") = "Task6", "Task6", "{17505EC1-AD6B-4BB3-A6D2-F72D0524DBDA}"
EndProject
Project("{2150E333-8FDC-42A3-9474-1A3956D46DE8}") = "Task7", "Task7", "{0E5AF4E8-D472-4B60-9F90-F58998B36768}"
EndProject
Project("{9A19103F-16F7-4668-BE54-9A1E7A4F7556}") = "Tyuiu.SychevAD.Sprint3.Task0.V23", "Tyuiu.SychevAD.Sprint3.Task0.V23\Tyuiu.SychevAD.Sprint3.Task0.V23.csproj", "{2CF0D7C6-0150-4FDA-A539-D51B2A4B2253}"
EndProject
Project("{9A19103F-16F7-4668-BE54-9A1E7A4F7556}") = "Tyuiu.SychevAD.Sprint3.Task0.V23.Lib", "Tyuiu.SychevAD.Sprint3.Task0.V23.Lib\Tyuiu.SychevAD.Sprint3.Task0.V23.Lib.csproj", "{0D21E07A-D20B-43F7-91E9-12F7C1228125}"
EndProject
Project("{9A19103F-16F7-4668-BE54-9A1E7A4F7556}") = "Tyuiu.SychevAD.Sprint3.Task0.V23.Test", "Tyuiu.SychevAD.Sprint3.Task0.V23.Test\Tyuiu.SychevAD.Sprint3.Task0.V23.Test.csproj", "{34910748-A8D0-4ACE-845D-91345E975251}"
EndProject
Project("{9A19103F-16F7-4668-BE54-9A1E7A4F7556}") = "Tyuiu.SychevAD.Sprint3.Task1.V28.Lib", "Tyuiu.SychevAD.Sprint3.Task1.V28.Lib\Tyuiu.SychevAD.Sprint3.Task1.V28.Lib.csproj", "{32FD60AB-1174-484E-BC67-3596478E786A}"
EndProject
Project("{FAE04EC0-301F-11D3-BF4B-00C04F79EFBC}") = "Tyuiu.SychevAD.Sprint3.Task1.V28", "Tyuiu.SychevAD.Sprint3.Task1.V28\Tyuiu.SychevAD.Sprint3.Task1.V28.csproj", "{D30F5F6E-EB16-4381-8DC1-98D4F478C14E}"
EndProject
Project("{FAE04EC0-301F-11D3-BF4B-00C04F79EFBC}") = "Tyuiu.SychevAD.Sprint3.Task2.V18", "Tyuiu.SychevAD.Sprint3.Task2.V18\Tyuiu.SychevAD.Sprint3.Task2.V18.csproj", "{AAAF4849-719F-4AF6-8468-69FAC16FE492}"
EndProject
Project("{FAE04EC0-301F-11D3-BF4B-00C04F79EFBC}") = "Tyuiu.SychevAD.Sprint3.Task2.V18.Test", "Tyuiu.SychevAD.Sprint3.Task2.V18.Test\Tyuiu.SychevAD.Sprint3.Task2.V18.Test.csproj", "{EF101579-6A25-4507-95AA-6603C2B55D75}"
EndProject
Project("{FAE04EC0-301F-11D3-BF4B-00C04F79EFBC}") = "Tyuiu.SychevAD.Sprint3.Task2.V18.Lib", "Tyuiu.SychevAD.Sprint3.Task2.V18.Lib\Tyuiu.SychevAD.Sprint3.Task2.V18.Lib.csproj", "{49A89E61-7A86-444E-ADA8-72043AFF9525}"
EndProject
Project("{FAE04EC0-301F-11D3-BF4B-00C04F79EFBC}") = "Tyuiu.SychevAD.Sprint3.Task3.V26.Lib", "Tyuiu.SychevAD.Sprint3.Task3.V26.Lib\Tyuiu.SychevAD.Sprint3.Task3.V26.Lib.csproj", "{EE7CE65C-6CE4-4826-A8AC-E5A130AE5600}"
EndProject
Project("{FAE04EC0-301F-11D3-BF4B-00C04F79EFBC}") = "Tyuiu.SychevAD.Sprint3.Task3.V26.Test", "Tyuiu.SychevAD.Sprint3.Task3.V26.Test\Tyuiu.SychevAD.Sprint3.Task3.V26.Test.csproj", "{DF6553CF-6A18-4318-8338-D95E98327F5D}"
EndProject
Project("{FAE04EC0-301F-11D3-BF4B-00C04F79EFBC}") = "Tyuiu.SychevAD.Sprint3.Task3.V26", "Tyuiu.SychevAD.Sprint3.Task3.V26\Tyuiu.SychevAD.Sprint3.Task3.V26.csproj", "{72782A63-7BC8-48F9-AEE6-98DF6A93D778}"
EndProject
Project("{FAE04EC0-301F-11D3-BF4B-00C04F79EFBC}") = "Tyuiu.SychevAD.Sprint3.Task6.V2", "Tyuiu.SychevAD.Sprint3.Task6.V2\Tyuiu.SychevAD.Sprint3.Task6.V2.csproj", "{45B487AB-63EE-4703-95DF-51B8BDA29228}"
EndProject
Project("{FAE04EC0-301F-11D3-BF4B-00C04F79EFBC}") = "Tyuiu.SychevAD.Sprint3.Task6.V2.Lib", "Tyuiu.SychevAD.Sprint3.Task6.V2.Lib\Tyuiu.SychevAD.Sprint3.Task6.V2.Lib.csproj", "{F49C1AB8-3F50-4429-BDBD-D07B2242F824}"
EndProject
Project("{FAE04EC0-301F-11D3-BF4B-00C04F79EFBC}") = "Tyuiu.SychevAD.Sprint3.Task6.V2.Test", "Tyuiu.SychevAD.Sprint3.Task6.V2.Test\Tyuiu.SychevAD.Sprint3.Task6.V2.Test.csproj", "{AEF76D93-99A7-4FC4-8796-F584EC5FC3C8}"
EndProject
Project("{FAE04EC0-301F-11D3-BF4B-00C04F79EFBC}") = "Tyuiu.SychevAD.Sprint3.Task5.V29", "Tyuiu.SychevAD.Sprint3.Task5.V29\Tyuiu.SychevAD.Sprint3.Task5.V29.csproj", "{5A31F83B-9589-4409-BBA3-8AB7A36494E6}"
EndProject
Project("{FAE04EC0-301F-11D3-BF4B-00C04F79EFBC}") = "Tyuiu.SychevAD.Sprint3.Task5.V29.Test", "Tyuiu.SychevAD.Sprint3.Task5.V29.Test\Tyuiu.SychevAD.Sprint3.Task5.V29.Test.csproj", "{27387823-C2F9-4E36-B9F9-65B16379BE55}"
EndProject
Project("{FAE04EC0-301F-11D3-BF4B-00C04F79EFBC}") = "Tyuiu.SychevAD.Sprint3.Task5.V29.Lib", "Tyuiu.SychevAD.Sprint3.Task5.V29.Lib\Tyuiu.SychevAD.Sprint3.Task5.V29.Lib.csproj", "{00A8C568-26C3-402F-8025-462AD308B298}"
EndProject
Project("{FAE04EC0-301F-11D3-BF4B-00C04F79EFBC}") = "Tyuiu.SychevAD.Sprint3.Task4.V21", "Tyuiu.SychevAD.Sprint3.Task4.V21\Tyuiu.SychevAD.Sprint3.Task4.V21.csproj", "{D53BCFD4-6A0B-478F-890F-53E1E9620D0C}"
EndProject
Project("{FAE04EC0-301F-11D3-BF4B-00C04F79EFBC}") = "Tyuiu.SychevAD.Sprint3.Task4.V21.Lib", "Tyuiu.SychevAD.Sprint3.Task4.V21.Lib\Tyuiu.SychevAD.Sprint3.Task4.V21.Lib.csproj", "{C39DEE22-D691-459E-848D-394F8CDF7ECE}"
EndProject
Project("{FAE04EC0-301F-11D3-BF4B-00C04F79EFBC}") = "Tyuiu.SychevAD.Sprint3.Task4.V21.Test", "Tyuiu.SychevAD.Sprint3.Task4.V21.Test\Tyuiu.SychevAD.Sprint3.Task4.V21.Test.csproj", "{45B8C74B-9DA9-4F6E-B0BB-52240994887B}"
EndProject
Project("{FAE04EC0-301F-11D3-BF4B-00C04F79EFBC}") = "Tyuiu.SychevAD.Sprint3.Task1.V28.Test", "Tyuiu.SychevAD.Sprint3.Task1.V28.Test\Tyuiu.SychevAD.Sprint3.Task1.V28.Test.csproj", "{C422088C-B1A9-4836-B601-80B078B8F258}"
EndProject
Project("{FAE04EC0-301F-11D3-BF4B-00C04F79EFBC}") = "Tyuiu.SychevAD.Sprint3.Task7.V25.Lib", "Tyuiu.SychevAD.Sprint3.Task7.V25.Lib\Tyuiu.SychevAD.Sprint3.Task7.V25.Lib.csproj", "{1F3EF3A7-9FEE-416F-B12B-CC12BCC74EEB}"
EndProject
Project("{FAE04EC0-301F-11D3-BF4B-00C04F79EFBC}") = "Tyuiu.SychevAD.Sprint3.Task7.V25", "Tyuiu.SychevAD.Sprint3.Task7.V25\Tyuiu.SychevAD.Sprint3.Task7.V25.csproj", "{09C112C9-5FC2-48CE-B158-F897FE81EB38}"
EndProject
Project("{FAE04EC0-301F-11D3-BF4B-00C04F79EFBC}") = "Tyuiu.SychevAD.Sprint3.Task7.V25.Test", "Tyuiu.SychevAD.Sprint3.Task7.V25.Test\Tyuiu.SychevAD.Sprint3.Task7.V25.Test.csproj", "{4E570EB7-DA8A-4B97-AE5B-2FBD593A7EBE}"
EndProject
Global
	GlobalSection(SolutionConfigurationPlatforms) = preSolution
		Debug|Any CPU = Debug|Any CPU
		Release|Any CPU = Release|Any CPU
	EndGlobalSection
	GlobalSection(ProjectConfigurationPlatforms) = postSolution
		{2CF0D7C6-0150-4FDA-A539-D51B2A4B2253}.Debug|Any CPU.ActiveCfg = Debug|Any CPU
		{2CF0D7C6-0150-4FDA-A539-D51B2A4B2253}.Debug|Any CPU.Build.0 = Debug|Any CPU
		{2CF0D7C6-0150-4FDA-A539-D51B2A4B2253}.Release|Any CPU.ActiveCfg = Release|Any CPU
		{2CF0D7C6-0150-4FDA-A539-D51B2A4B2253}.Release|Any CPU.Build.0 = Release|Any CPU
		{0D21E07A-D20B-43F7-91E9-12F7C1228125}.Debug|Any CPU.ActiveCfg = Debug|Any CPU
		{0D21E07A-D20B-43F7-91E9-12F7C1228125}.Debug|Any CPU.Build.0 = Debug|Any CPU
		{0D21E07A-D20B-43F7-91E9-12F7C1228125}.Release|Any CPU.ActiveCfg = Release|Any CPU
		{0D21E07A-D20B-43F7-91E9-12F7C1228125}.Release|Any CPU.Build.0 = Release|Any CPU
		{34910748-A8D0-4ACE-845D-91345E975251}.Debug|Any CPU.ActiveCfg = Debug|Any CPU
		{34910748-A8D0-4ACE-845D-91345E975251}.Debug|Any CPU.Build.0 = Debug|Any CPU
		{34910748-A8D0-4ACE-845D-91345E975251}.Release|Any CPU.ActiveCfg = Release|Any CPU
		{34910748-A8D0-4ACE-845D-91345E975251}.Release|Any CPU.Build.0 = Release|Any CPU
		{32FD60AB-1174-484E-BC67-3596478E786A}.Debug|Any CPU.ActiveCfg = Debug|Any CPU
		{32FD60AB-1174-484E-BC67-3596478E786A}.Debug|Any CPU.Build.0 = Debug|Any CPU
		{32FD60AB-1174-484E-BC67-3596478E786A}.Release|Any CPU.ActiveCfg = Release|Any CPU
		{32FD60AB-1174-484E-BC67-3596478E786A}.Release|Any CPU.Build.0 = Release|Any CPU
		{D30F5F6E-EB16-4381-8DC1-98D4F478C14E}.Debug|Any CPU.ActiveCfg = Debug|Any CPU
		{D30F5F6E-EB16-4381-8DC1-98D4F478C14E}.Debug|Any CPU.Build.0 = Debug|Any CPU
		{D30F5F6E-EB16-4381-8DC1-98D4F478C14E}.Release|Any CPU.ActiveCfg = Release|Any CPU
		{D30F5F6E-EB16-4381-8DC1-98D4F478C14E}.Release|Any CPU.Build.0 = Release|Any CPU
		{AAAF4849-719F-4AF6-8468-69FAC16FE492}.Debug|Any CPU.ActiveCfg = Debug|Any CPU
		{AAAF4849-719F-4AF6-8468-69FAC16FE492}.Debug|Any CPU.Build.0 = Debug|Any CPU
		{AAAF4849-719F-4AF6-8468-69FAC16FE492}.Release|Any CPU.ActiveCfg = Release|Any CPU
		{AAAF4849-719F-4AF6-8468-69FAC16FE492}.Release|Any CPU.Build.0 = Release|Any CPU
		{EF101579-6A25-4507-95AA-6603C2B55D75}.Debug|Any CPU.ActiveCfg = Debug|Any CPU
		{EF101579-6A25-4507-95AA-6603C2B55D75}.Debug|Any CPU.Build.0 = Debug|Any CPU
		{EF101579-6A25-4507-95AA-6603C2B55D75}.Release|Any CPU.ActiveCfg = Release|Any CPU
		{EF101579-6A25-4507-95AA-6603C2B55D75}.Release|Any CPU.Build.0 = Release|Any CPU
		{49A89E61-7A86-444E-ADA8-72043AFF9525}.Debug|Any CPU.ActiveCfg = Debug|Any CPU
		{49A89E61-7A86-444E-ADA8-72043AFF9525}.Debug|Any CPU.Build.0 = Debug|Any CPU
		{49A89E61-7A86-444E-ADA8-72043AFF9525}.Release|Any CPU.ActiveCfg = Release|Any CPU
		{49A89E61-7A86-444E-ADA8-72043AFF9525}.Release|Any CPU.Build.0 = Release|Any CPU
		{EE7CE65C-6CE4-4826-A8AC-E5A130AE5600}.Debug|Any CPU.ActiveCfg = Debug|Any CPU
		{EE7CE65C-6CE4-4826-A8AC-E5A130AE5600}.Debug|Any CPU.Build.0 = Debug|Any CPU
		{EE7CE65C-6CE4-4826-A8AC-E5A130AE5600}.Release|Any CPU.ActiveCfg = Release|Any CPU
		{EE7CE65C-6CE4-4826-A8AC-E5A130AE5600}.Release|Any CPU.Build.0 = Release|Any CPU
		{DF6553CF-6A18-4318-8338-D95E98327F5D}.Debug|Any CPU.ActiveCfg = Debug|Any CPU
		{DF6553CF-6A18-4318-8338-D95E98327F5D}.Debug|Any CPU.Build.0 = Debug|Any CPU
		{DF6553CF-6A18-4318-8338-D95E98327F5D}.Release|Any CPU.ActiveCfg = Release|Any CPU
		{DF6553CF-6A18-4318-8338-D95E98327F5D}.Release|Any CPU.Build.0 = Release|Any CPU
		{72782A63-7BC8-48F9-AEE6-98DF6A93D778}.Debug|Any CPU.ActiveCfg = Debug|Any CPU
		{72782A63-7BC8-48F9-AEE6-98DF6A93D778}.Debug|Any CPU.Build.0 = Debug|Any CPU
		{72782A63-7BC8-48F9-AEE6-98DF6A93D778}.Release|Any CPU.ActiveCfg = Release|Any CPU
		{72782A63-7BC8-48F9-AEE6-98DF6A93D778}.Release|Any CPU.Build.0 = Release|Any CPU
		{45B487AB-63EE-4703-95DF-51B8BDA29228}.Debug|Any CPU.ActiveCfg = Debug|Any CPU
		{45B487AB-63EE-4703-95DF-51B8BDA29228}.Debug|Any CPU.Build.0 = Debug|Any CPU
		{45B487AB-63EE-4703-95DF-51B8BDA29228}.Release|Any CPU.ActiveCfg = Release|Any CPU
		{45B487AB-63EE-4703-95DF-51B8BDA29228}.Release|Any CPU.Build.0 = Release|Any CPU
		{F49C1AB8-3F50-4429-BDBD-D07B2242F824}.Debug|Any CPU.ActiveCfg = Debug|Any CPU
		{F49C1AB8-3F50-4429-BDBD-D07B2242F824}.Debug|Any CPU.Build.0 = Debug|Any CPU
		{F49C1AB8-3F50-4429-BDBD-D07B2242F824}.Release|Any CPU.ActiveCfg = Release|Any CPU
		{F49C1AB8-3F50-4429-BDBD-D07B2242F824}.Release|Any CPU.Build.0 = Release|Any CPU
		{AEF76D93-99A7-4FC4-8796-F584EC5FC3C8}.Debug|Any CPU.ActiveCfg = Debug|Any CPU
		{AEF76D93-99A7-4FC4-8796-F584EC5FC3C8}.Debug|Any CPU.Build.0 = Debug|Any CPU
		{AEF76D93-99A7-4FC4-8796-F584EC5FC3C8}.Release|Any CPU.ActiveCfg = Release|Any CPU
		{AEF76D93-99A7-4FC4-8796-F584EC5FC3C8}.Release|Any CPU.Build.0 = Release|Any CPU
		{5A31F83B-9589-4409-BBA3-8AB7A36494E6}.Debug|Any CPU.ActiveCfg = Debug|Any CPU
		{5A31F83B-9589-4409-BBA3-8AB7A36494E6}.Debug|Any CPU.Build.0 = Debug|Any CPU
		{5A31F83B-9589-4409-BBA3-8AB7A36494E6}.Release|Any CPU.ActiveCfg = Release|Any CPU
		{5A31F83B-9589-4409-BBA3-8AB7A36494E6}.Release|Any CPU.Build.0 = Release|Any CPU
		{27387823-C2F9-4E36-B9F9-65B16379BE55}.Debug|Any CPU.ActiveCfg = Debug|Any CPU
		{27387823-C2F9-4E36-B9F9-65B16379BE55}.Debug|Any CPU.Build.0 = Debug|Any CPU
		{27387823-C2F9-4E36-B9F9-65B16379BE55}.Release|Any CPU.ActiveCfg = Release|Any CPU
		{27387823-C2F9-4E36-B9F9-65B16379BE55}.Release|Any CPU.Build.0 = Release|Any CPU
		{00A8C568-26C3-402F-8025-462AD308B298}.Debug|Any CPU.ActiveCfg = Debug|Any CPU
		{00A8C568-26C3-402F-8025-462AD308B298}.Debug|Any CPU.Build.0 = Debug|Any CPU
		{00A8C568-26C3-402F-8025-462AD308B298}.Release|Any CPU.ActiveCfg = Release|Any CPU
		{00A8C568-26C3-402F-8025-462AD308B298}.Release|Any CPU.Build.0 = Release|Any CPU
		{D53BCFD4-6A0B-478F-890F-53E1E9620D0C}.Debug|Any CPU.ActiveCfg = Debug|Any CPU
		{D53BCFD4-6A0B-478F-890F-53E1E9620D0C}.Debug|Any CPU.Build.0 = Debug|Any CPU
		{D53BCFD4-6A0B-478F-890F-53E1E9620D0C}.Release|Any CPU.ActiveCfg = Release|Any CPU
		{D53BCFD4-6A0B-478F-890F-53E1E9620D0C}.Release|Any CPU.Build.0 = Release|Any CPU
		{C39DEE22-D691-459E-848D-394F8CDF7ECE}.Debug|Any CPU.ActiveCfg = Debug|Any CPU
		{C39DEE22-D691-459E-848D-394F8CDF7ECE}.Debug|Any CPU.Build.0 = Debug|Any CPU
		{C39DEE22-D691-459E-848D-394F8CDF7ECE}.Release|Any CPU.ActiveCfg = Release|Any CPU
		{C39DEE22-D691-459E-848D-394F8CDF7ECE}.Release|Any CPU.Build.0 = Release|Any CPU
		{45B8C74B-9DA9-4F6E-B0BB-52240994887B}.Debug|Any CPU.ActiveCfg = Debug|Any CPU
		{45B8C74B-9DA9-4F6E-B0BB-52240994887B}.Debug|Any CPU.Build.0 = Debug|Any CPU
		{45B8C74B-9DA9-4F6E-B0BB-52240994887B}.Release|Any CPU.ActiveCfg = Release|Any CPU
		{45B8C74B-9DA9-4F6E-B0BB-52240994887B}.Release|Any CPU.Build.0 = Release|Any CPU
		{C422088C-B1A9-4836-B601-80B078B8F258}.Debug|Any CPU.ActiveCfg = Debug|Any CPU
		{C422088C-B1A9-4836-B601-80B078B8F258}.Debug|Any CPU.Build.0 = Debug|Any CPU
		{C422088C-B1A9-4836-B601-80B078B8F258}.Release|Any CPU.ActiveCfg = Release|Any CPU
		{C422088C-B1A9-4836-B601-80B078B8F258}.Release|Any CPU.Build.0 = Release|Any CPU
		{1F3EF3A7-9FEE-416F-B12B-CC12BCC74EEB}.Debug|Any CPU.ActiveCfg = Debug|Any CPU
		{1F3EF3A7-9FEE-416F-B12B-CC12BCC74EEB}.Debug|Any CPU.Build.0 = Debug|Any CPU
		{1F3EF3A7-9FEE-416F-B12B-CC12BCC74EEB}.Release|Any CPU.ActiveCfg = Release|Any CPU
		{1F3EF3A7-9FEE-416F-B12B-CC12BCC74EEB}.Release|Any CPU.Build.0 = Release|Any CPU
		{09C112C9-5FC2-48CE-B158-F897FE81EB38}.Debug|Any CPU.ActiveCfg = Debug|Any CPU
		{09C112C9-5FC2-48CE-B158-F897FE81EB38}.Debug|Any CPU.Build.0 = Debug|Any CPU
		{09C112C9-5FC2-48CE-B158-F897FE81EB38}.Release|Any CPU.ActiveCfg = Release|Any CPU
		{09C112C9-5FC2-48CE-B158-F897FE81EB38}.Release|Any CPU.Build.0 = Release|Any CPU
		{4E570EB7-DA8A-4B97-AE5B-2FBD593A7EBE}.Debug|Any CPU.ActiveCfg = Debug|Any CPU
		{4E570EB7-DA8A-4B97-AE5B-2FBD593A7EBE}.Debug|Any CPU.Build.0 = Debug|Any CPU
		{4E570EB7-DA8A-4B97-AE5B-2FBD593A7EBE}.Release|Any CPU.ActiveCfg = Release|Any CPU
		{4E570EB7-DA8A-4B97-AE5B-2FBD593A7EBE}.Release|Any CPU.Build.0 = Release|Any CPU
	EndGlobalSection
	GlobalSection(SolutionProperties) = preSolution
		HideSolutionNode = FALSE
	EndGlobalSection
	GlobalSection(NestedProjects) = preSolution
		{2CF0D7C6-0150-4FDA-A539-D51B2A4B2253} = {549ED9A1-A421-478D-847B-15CEBAE8DD4A}
		{0D21E07A-D20B-43F7-91E9-12F7C1228125} = {549ED9A1-A421-478D-847B-15CEBAE8DD4A}
		{34910748-A8D0-4ACE-845D-91345E975251} = {549ED9A1-A421-478D-847B-15CEBAE8DD4A}
		{32FD60AB-1174-484E-BC67-3596478E786A} = {A83FC3F5-A526-4B9D-96C6-82909433F387}
		{D30F5F6E-EB16-4381-8DC1-98D4F478C14E} = {A83FC3F5-A526-4B9D-96C6-82909433F387}
		{AAAF4849-719F-4AF6-8468-69FAC16FE492} = {37F273CF-D19B-4A15-8E18-DBB4CBC8D7FA}
		{EF101579-6A25-4507-95AA-6603C2B55D75} = {37F273CF-D19B-4A15-8E18-DBB4CBC8D7FA}
		{49A89E61-7A86-444E-ADA8-72043AFF9525} = {37F273CF-D19B-4A15-8E18-DBB4CBC8D7FA}
		{EE7CE65C-6CE4-4826-A8AC-E5A130AE5600} = {8309F195-095E-46D4-A696-42DAAC52E0BD}
		{DF6553CF-6A18-4318-8338-D95E98327F5D} = {8309F195-095E-46D4-A696-42DAAC52E0BD}
		{72782A63-7BC8-48F9-AEE6-98DF6A93D778} = {8309F195-095E-46D4-A696-42DAAC52E0BD}
		{45B487AB-63EE-4703-95DF-51B8BDA29228} = {17505EC1-AD6B-4BB3-A6D2-F72D0524DBDA}
		{F49C1AB8-3F50-4429-BDBD-D07B2242F824} = {17505EC1-AD6B-4BB3-A6D2-F72D0524DBDA}
		{AEF76D93-99A7-4FC4-8796-F584EC5FC3C8} = {17505EC1-AD6B-4BB3-A6D2-F72D0524DBDA}
		{5A31F83B-9589-4409-BBA3-8AB7A36494E6} = {4AB413C1-F8D3-4144-BAC5-87EDA28920F7}
		{27387823-C2F9-4E36-B9F9-65B16379BE55} = {4AB413C1-F8D3-4144-BAC5-87EDA28920F7}
		{00A8C568-26C3-402F-8025-462AD308B298} = {4AB413C1-F8D3-4144-BAC5-87EDA28920F7}
		{D53BCFD4-6A0B-478F-890F-53E1E9620D0C} = {62FED6E9-BDD4-4319-9406-CA535986E401}
		{C39DEE22-D691-459E-848D-394F8CDF7ECE} = {62FED6E9-BDD4-4319-9406-CA535986E401}
		{45B8C74B-9DA9-4F6E-B0BB-52240994887B} = {62FED6E9-BDD4-4319-9406-CA535986E401}
		{C422088C-B1A9-4836-B601-80B078B8F258} = {A83FC3F5-A526-4B9D-96C6-82909433F387}
		{1F3EF3A7-9FEE-416F-B12B-CC12BCC74EEB} = {0E5AF4E8-D472-4B60-9F90-F58998B36768}
		{09C112C9-5FC2-48CE-B158-F897FE81EB38} = {0E5AF4E8-D472-4B60-9F90-F58998B36768}
		{4E570EB7-DA8A-4B97-AE5B-2FBD593A7EBE} = {0E5AF4E8-D472-4B60-9F90-F58998B36768}
	EndGlobalSection
	GlobalSection(ExtensibilityGlobals) = postSolution
		SolutionGuid = {978D2162-576D-44F8-B7D8-19EC62B85A87}
	EndGlobalSection
EndGlobal
